
Microsoft Visual Studio Solution File, Format Version 12.00
# Visual Studio Version 16
VisualStudioVersion = 16.0.28803.202
MinimumVisualStudioVersion = 10.0.40219.1
Project("{FAE04EC0-301F-11D3-BF4B-00C04F79EFBC}") = "ReactExamp", "ReactExamp\ReactExamp.csproj", "{9AAA2E76-25C2-42AB-96E4-4C09CE366DF6}"
EndProject
Global
	GlobalSection(SolutionConfigurationPlatforms) = preSolution
		Debug|Any CPU = Debug|Any CPU
		Release|Any CPU = Release|Any CPU
	EndGlobalSection
	GlobalSection(ProjectConfigurationPlatforms) = postSolution
		{9AAA2E76-25C2-42AB-96E4-4C09CE366DF6}.Debug|Any CPU.ActiveCfg = Debug|Any CPU
		{9AAA2E76-25C2-42AB-96E4-4C09CE366DF6}.Debug|Any CPU.Build.0 = Debug|Any CPU
		{9AAA2E76-25C2-42AB-96E4-4C09CE366DF6}.Release|Any CPU.ActiveCfg = Release|Any CPU
		{9AAA2E76-25C2-42AB-96E4-4C09CE366DF6}.Release|Any CPU.Build.0 = Release|Any CPU
	EndGlobalSection
	GlobalSection(SolutionProperties) = preSolution
		HideSolutionNode = FALSE
	EndGlobalSection
	GlobalSection(ExtensibilityGlobals) = postSolution
		SolutionGuid = {DC3829F4-E58A-4407-9A08-C4E2F9EBDAC0}
	EndGlobalSection
EndGlobal
